
Microsoft Visual Studio Solution File, Format Version 12.00
# Visual Studio Version 16
VisualStudioVersion = 16.0.31019.35
MinimumVisualStudioVersion = 10.0.40219.1
Project("{FAE04EC0-301F-11D3-BF4B-00C04F79EFBC}") = "Sesssion1App", "Sesssion1App\Sesssion1App.csproj", "{E625F53D-D326-424C-B4D7-279060B7DAFE}"
EndProject
Global
	GlobalSection(SolutionConfigurationPlatforms) = preSolution
		Debug|Any CPU = Debug|Any CPU
		Release|Any CPU = Release|Any CPU
	EndGlobalSection
	GlobalSection(ProjectConfigurationPlatforms) = postSolution
		{E625F53D-D326-424C-B4D7-279060B7DAFE}.Debug|Any CPU.ActiveCfg = Debug|Any CPU
		{E625F53D-D326-424C-B4D7-279060B7DAFE}.Debug|Any CPU.Build.0 = Debug|Any CPU
		{E625F53D-D326-424C-B4D7-279060B7DAFE}.Release|Any CPU.ActiveCfg = Release|Any CPU
		{E625F53D-D326-424C-B4D7-279060B7DAFE}.Release|Any CPU.Build.0 = Release|Any CPU
	EndGlobalSection
	GlobalSection(SolutionProperties) = preSolution
		HideSolutionNode = FALSE
	EndGlobalSection
	GlobalSection(ExtensibilityGlobals) = postSolution
		SolutionGuid = {5D78E138-C2FB-4EED-9365-8C929DF961B7}
	EndGlobalSection
EndGlobal
