
Microsoft Visual Studio Solution File, Format Version 12.00
# Visual Studio Version 16
VisualStudioVersion = 16.0.31019.35
MinimumVisualStudioVersion = 10.0.40219.1
Project("{FAE04EC0-301F-11D3-BF4B-00C04F79EFBC}") = "Week3", "Week3\Week3.csproj", "{C05FC271-DF5A-4883-9195-97E1E16C90D8}"
EndProject
Global
	GlobalSection(SolutionConfigurationPlatforms) = preSolution
		Debug|Any CPU = Debug|Any CPU
		Release|Any CPU = Release|Any CPU
	EndGlobalSection
	GlobalSection(ProjectConfigurationPlatforms) = postSolution
		{C05FC271-DF5A-4883-9195-97E1E16C90D8}.Debug|Any CPU.ActiveCfg = Debug|Any CPU
		{C05FC271-DF5A-4883-9195-97E1E16C90D8}.Debug|Any CPU.Build.0 = Debug|Any CPU
		{C05FC271-DF5A-4883-9195-97E1E16C90D8}.Release|Any CPU.ActiveCfg = Release|Any CPU
		{C05FC271-DF5A-4883-9195-97E1E16C90D8}.Release|Any CPU.Build.0 = Release|Any CPU
	EndGlobalSection
	GlobalSection(SolutionProperties) = preSolution
		HideSolutionNode = FALSE
	EndGlobalSection
	GlobalSection(ExtensibilityGlobals) = postSolution
		SolutionGuid = {D79F84C1-CF73-460D-B3A6-5F75F03AFA1D}
	EndGlobalSection
EndGlobal
